
Microsoft Visual Studio Solution File, Format Version 12.00
# Visual Studio Version 17
VisualStudioVersion = 17.11.35312.102
MinimumVisualStudioVersion = 10.0.40219.1
Project("{8BC9CEB8-8B4A-11D0-8D11-00A0C91BC942}") = "stack on stack", "stack on stack\stack on stack.vcxproj", "{A973273B-7962-4D6E-9164-54CE7F942E5B}"
EndProject
Global
	GlobalSection(SolutionConfigurationPlatforms) = preSolution
		Debug|x64 = Debug|x64
		Debug|x86 = Debug|x86
		Release|x64 = Release|x64
		Release|x86 = Release|x86
	EndGlobalSection
	GlobalSection(ProjectConfigurationPlatforms) = postSolution
		{A973273B-7962-4D6E-9164-54CE7F942E5B}.Debug|x64.ActiveCfg = Debug|x64
		{A973273B-7962-4D6E-9164-54CE7F942E5B}.Debug|x64.Build.0 = Debug|x64
		{A973273B-7962-4D6E-9164-54CE7F942E5B}.Debug|x86.ActiveCfg = Debug|Win32
		{A973273B-7962-4D6E-9164-54CE7F942E5B}.Debug|x86.Build.0 = Debug|Win32
		{A973273B-7962-4D6E-9164-54CE7F942E5B}.Release|x64.ActiveCfg = Release|x64
		{A973273B-7962-4D6E-9164-54CE7F942E5B}.Release|x64.Build.0 = Release|x64
		{A973273B-7962-4D6E-9164-54CE7F942E5B}.Release|x86.ActiveCfg = Release|Win32
		{A973273B-7962-4D6E-9164-54CE7F942E5B}.Release|x86.Build.0 = Release|Win32
	EndGlobalSection
	GlobalSection(SolutionProperties) = preSolution
		HideSolutionNode = FALSE
	EndGlobalSection
	GlobalSection(ExtensibilityGlobals) = postSolution
		SolutionGuid = {47BF2720-6CCB-4737-B2C6-0765AC3B08EC}
	EndGlobalSection
EndGlobal
